// !$*UTF8*$!
{
	archiveVersion = 1;
	classes = {
	};
	objectVersion = 56;
	objects = {

/* Begin PBXBuildFile section */
		5418D543291BAF3E00BCEF30 /* Font+Extension.swift in Sources */ = {isa = PBXBuildFile; fileRef = 5418D542291BAF3E00BCEF30 /* Font+Extension.swift */; };
		5418D547291BB54900BCEF30 /* NotoSansKR-Medium.otf in Resources */ = {isa = PBXBuildFile; fileRef = 5418D545291BB54900BCEF30 /* NotoSansKR-Medium.otf */; };
		5418D548291BB54900BCEF30 /* NotoSansKR-Regular.otf in Resources */ = {isa = PBXBuildFile; fileRef = 5418D546291BB54900BCEF30 /* NotoSansKR-Regular.otf */; };
		5418D54C291BCAE700BCEF30 /* String+Extension.swift in Sources */ = {isa = PBXBuildFile; fileRef = 5418D54B291BCAE700BCEF30 /* String+Extension.swift */; };
		542FAEF5291BFBA800E71C87 /* AnyFormatKit in Frameworks */ = {isa = PBXBuildFile; productRef = 542FAEF4291BFBA800E71C87 /* AnyFormatKit */; };
		54360A38292259AD004B2CBA /* FirebaseAuth in Frameworks */ = {isa = PBXBuildFile; productRef = 54360A37292259AD004B2CBA /* FirebaseAuth */; };
		54360A3A292259AD004B2CBA /* FirebaseMessaging in Frameworks */ = {isa = PBXBuildFile; productRef = 54360A39292259AD004B2CBA /* FirebaseMessaging */; };
		543CBF0A291947D300563856 /* Transition+Extension.swift in Sources */ = {isa = PBXBuildFile; fileRef = 543CBF09291947D300563856 /* Transition+Extension.swift */; };
		543D579C291E354F00481019 /* OKButton+Extension.swift in Sources */ = {isa = PBXBuildFile; fileRef = 543D579B291E354F00481019 /* OKButton+Extension.swift */; };
		543F042D291FBE5C0029F088 /* UserViewModel.swift in Sources */ = {isa = PBXBuildFile; fileRef = 543F042C291FBE5C0029F088 /* UserViewModel.swift */; };
		543F1FE02921193900C31F8E /* Date+Extension.swift in Sources */ = {isa = PBXBuildFile; fileRef = 543F1FDF2921193900C31F8E /* Date+Extension.swift */; };
		5442C419292915F800A8A925 /* ImageTableViewCell.swift in Sources */ = {isa = PBXBuildFile; fileRef = 5442C418292915F800A8A925 /* ImageTableViewCell.swift */; };
		5444C0A1292366C400728EC3 /* MyInfoViewController.swift in Sources */ = {isa = PBXBuildFile; fileRef = 5444C0A0292366C400728EC3 /* MyInfoViewController.swift */; };
		5444C0A3292366CD00728EC3 /* MyInfoView.swift in Sources */ = {isa = PBXBuildFile; fileRef = 5444C0A2292366CD00728EC3 /* MyInfoView.swift */; };
		5444C0A529236B7C00728EC3 /* TabBarViewController.swift in Sources */ = {isa = PBXBuildFile; fileRef = 5444C0A429236B7C00728EC3 /* TabBarViewController.swift */; };
		5444C0A729236C1F00728EC3 /* ShopViewController.swift in Sources */ = {isa = PBXBuildFile; fileRef = 5444C0A629236C1F00728EC3 /* ShopViewController.swift */; };
		5444C0A929236C3900728EC3 /* FriendViewController.swift in Sources */ = {isa = PBXBuildFile; fileRef = 5444C0A829236C3900728EC3 /* FriendViewController.swift */; };
		5444C0AB29236C4D00728EC3 /* ShopView.swift in Sources */ = {isa = PBXBuildFile; fileRef = 5444C0AA29236C4D00728EC3 /* ShopView.swift */; };
		5444C0AD29236C7100728EC3 /* FriendView.swift in Sources */ = {isa = PBXBuildFile; fileRef = 5444C0AC29236C7100728EC3 /* FriendView.swift */; };
		5444C0B52923772E00728EC3 /* MyInfoTableViewCell.swift in Sources */ = {isa = PBXBuildFile; fileRef = 5444C0B42923772E00728EC3 /* MyInfoTableViewCell.swift */; };
		5444C0B72923820D00728EC3 /* NameTableViewCell.swift in Sources */ = {isa = PBXBuildFile; fileRef = 5444C0B62923820D00728EC3 /* NameTableViewCell.swift */; };
		5444C0BB292393A600728EC3 /* DetailProfileViewController.swift in Sources */ = {isa = PBXBuildFile; fileRef = 5444C0BA292393A600728EC3 /* DetailProfileViewController.swift */; };
		5444C0BD292393B600728EC3 /* DetailProfileView.swift in Sources */ = {isa = PBXBuildFile; fileRef = 5444C0BC292393B600728EC3 /* DetailProfileView.swift */; };
		54569A3E2924D3A1008F3FC6 /* TitleCollectionViewCell.swift in Sources */ = {isa = PBXBuildFile; fileRef = 54569A3D2924D3A1008F3FC6 /* TitleCollectionViewCell.swift */; };
		54569A402924DCDE008F3FC6 /* FixedTableViewCell.swift in Sources */ = {isa = PBXBuildFile; fileRef = 54569A3F2924DCDE008F3FC6 /* FixedTableViewCell.swift */; };
		545AE797291E5FBA000F73C3 /* UserAPI.swift in Sources */ = {isa = PBXBuildFile; fileRef = 545AE796291E5FBA000F73C3 /* UserAPI.swift */; };
		545AE79A291E6015000F73C3 /* Alamofire in Frameworks */ = {isa = PBXBuildFile; productRef = 545AE799291E6015000F73C3 /* Alamofire */; };
		545AE79C291E608D000F73C3 /* User.swift in Sources */ = {isa = PBXBuildFile; fileRef = 545AE79B291E608D000F73C3 /* User.swift */; };
		545AE79F291E66B0000F73C3 /* KeychainSwift in Frameworks */ = {isa = PBXBuildFile; productRef = 545AE79E291E66B0000F73C3 /* KeychainSwift */; };
		545AE7A1291E77DC000F73C3 /* NoNetworkViewController.swift in Sources */ = {isa = PBXBuildFile; fileRef = 545AE7A0291E77DC000F73C3 /* NoNetworkViewController.swift */; };
		545AE7A3291E7811000F73C3 /* NoNetworkView.swift in Sources */ = {isa = PBXBuildFile; fileRef = 545AE7A2291E7811000F73C3 /* NoNetworkView.swift */; };
		545BEAFD291A484900CF861F /* MainMapViewController.swift in Sources */ = {isa = PBXBuildFile; fileRef = 545BEAFC291A484900CF861F /* MainMapViewController.swift */; };
		545BEAFF291A485500CF861F /* MainMapView.swift in Sources */ = {isa = PBXBuildFile; fileRef = 545BEAFE291A485500CF861F /* MainMapView.swift */; };
		545BEB01291A48B900CF861F /* SMSCodeViewController.swift in Sources */ = {isa = PBXBuildFile; fileRef = 545BEB00291A48B900CF861F /* SMSCodeViewController.swift */; };
		545BEB03291A48C000CF861F /* SMSCodeView.swift in Sources */ = {isa = PBXBuildFile; fileRef = 545BEB02291A48C000CF861F /* SMSCodeView.swift */; };
		5461B4A92918B6440000D726 /* AppDelegate.swift in Sources */ = {isa = PBXBuildFile; fileRef = 5461B4A82918B6440000D726 /* AppDelegate.swift */; };
		5461B4AB2918B6440000D726 /* SceneDelegate.swift in Sources */ = {isa = PBXBuildFile; fileRef = 5461B4AA2918B6440000D726 /* SceneDelegate.swift */; };
		5461B4B22918B6450000D726 /* Assets.xcassets in Resources */ = {isa = PBXBuildFile; fileRef = 5461B4B12918B6450000D726 /* Assets.xcassets */; };
		5461B4B52918B6450000D726 /* LaunchScreen.storyboard in Resources */ = {isa = PBXBuildFile; fileRef = 5461B4B32918B6450000D726 /* LaunchScreen.storyboard */; };
		5461B4BD2918BED00000D726 /* .gitignore in Resources */ = {isa = PBXBuildFile; fileRef = 5461B4BC2918BED00000D726 /* .gitignore */; };
		5461B4C02918C50F0000D726 /* AuthViewController.swift in Sources */ = {isa = PBXBuildFile; fileRef = 5461B4BF2918C50F0000D726 /* AuthViewController.swift */; };
		5461B4C22918C5170000D726 /* AuthView.swift in Sources */ = {isa = PBXBuildFile; fileRef = 5461B4C12918C5170000D726 /* AuthView.swift */; };
		5461B4C42918C5360000D726 /* NicknameViewController.swift in Sources */ = {isa = PBXBuildFile; fileRef = 5461B4C32918C5360000D726 /* NicknameViewController.swift */; };
		5461B4C62918C5430000D726 /* NickNameView.swift in Sources */ = {isa = PBXBuildFile; fileRef = 5461B4C52918C5430000D726 /* NickNameView.swift */; };
		5461B4C82918C5660000D726 /* BirthViewController.swift in Sources */ = {isa = PBXBuildFile; fileRef = 5461B4C72918C5660000D726 /* BirthViewController.swift */; };
		5461B4CA2918C56C0000D726 /* BirthView.swift in Sources */ = {isa = PBXBuildFile; fileRef = 5461B4C92918C56C0000D726 /* BirthView.swift */; };
		5461B4CC2918C59A0000D726 /* EmailViewController.swift in Sources */ = {isa = PBXBuildFile; fileRef = 5461B4CB2918C59A0000D726 /* EmailViewController.swift */; };
		5461B4CE2918C5A60000D726 /* EmailView.swift in Sources */ = {isa = PBXBuildFile; fileRef = 5461B4CD2918C5A60000D726 /* EmailView.swift */; };
		5461B4D02918C5B70000D726 /* GenderViewController.swift in Sources */ = {isa = PBXBuildFile; fileRef = 5461B4CF2918C5B70000D726 /* GenderViewController.swift */; };
		5461B4D22918C5BF0000D726 /* GenderView.swift in Sources */ = {isa = PBXBuildFile; fileRef = 5461B4D12918C5BF0000D726 /* GenderView.swift */; };
		5461B4D42918C5F90000D726 /* OnboardingViewController.swift in Sources */ = {isa = PBXBuildFile; fileRef = 5461B4D32918C5F90000D726 /* OnboardingViewController.swift */; };
		5461B4D62918C6050000D726 /* OnboardingView.swift in Sources */ = {isa = PBXBuildFile; fileRef = 5461B4D52918C6050000D726 /* OnboardingView.swift */; };
		5461B4DB2918CBAD0000D726 /* BaseViewController.swift in Sources */ = {isa = PBXBuildFile; fileRef = 5461B4DA2918CBAD0000D726 /* BaseViewController.swift */; };
		5461B4DD2918CBB50000D726 /* BaseView.swift in Sources */ = {isa = PBXBuildFile; fileRef = 5461B4DC2918CBB50000D726 /* BaseView.swift */; };
		5461B4E02918CBF70000D726 /* SnapKit in Frameworks */ = {isa = PBXBuildFile; productRef = 5461B4DF2918CBF70000D726 /* SnapKit */; };
		5461B4E32918CD090000D726 /* Color+Extension.swift in Sources */ = {isa = PBXBuildFile; fileRef = 5461B4E22918CD090000D726 /* Color+Extension.swift */; };
		5461B4E62918CD470000D726 /* Constants.swift in Sources */ = {isa = PBXBuildFile; fileRef = 5461B4E52918CD470000D726 /* Constants.swift */; };
		5461B4E82918CD570000D726 /* Color.swift in Sources */ = {isa = PBXBuildFile; fileRef = 5461B4E72918CD570000D726 /* Color.swift */; };
		5471A1E4291D1A2B002C80D8 /* IQKeyboardManagerSwift in Frameworks */ = {isa = PBXBuildFile; productRef = 5471A1E3291D1A2B002C80D8 /* IQKeyboardManagerSwift */; };
		547264B42923D1E00010953B /* ExpandableTableViewCell.swift in Sources */ = {isa = PBXBuildFile; fileRef = 547264B32923D1E00010953B /* ExpandableTableViewCell.swift */; };
		5498682F2918DF3A005DBF6E /* OnboardingCollectionViewCell.swift in Sources */ = {isa = PBXBuildFile; fileRef = 5498682E2918DF3A005DBF6E /* OnboardingCollectionViewCell.swift */; };
		549868322918DFA9005DBF6E /* OnboardingSlide.swift in Sources */ = {isa = PBXBuildFile; fileRef = 549868312918DFA9005DBF6E /* OnboardingSlide.swift */; };
		54ACF64B291D2B320002A121 /* GoogleService-Info.plist in Resources */ = {isa = PBXBuildFile; fileRef = 54ACF64A291D2B320002A121 /* GoogleService-Info.plist */; };
		54ACF64E291D361A0002A121 /* Toast in Frameworks */ = {isa = PBXBuildFile; productRef = 54ACF64D291D361A0002A121 /* Toast */; };
		54ACF651291D39220002A121 /* Toast+Extension.swift in Sources */ = {isa = PBXBuildFile; fileRef = 54ACF650291D39220002A121 /* Toast+Extension.swift */; };
		54C225B0291F3109003596BB /* Dongle-Regular.ttf in Resources */ = {isa = PBXBuildFile; fileRef = 54C225AF291F3109003596BB /* Dongle-Regular.ttf */; };
		54FE19EA291A2D930033BCE4 /* UITextField+Extension.swift in Sources */ = {isa = PBXBuildFile; fileRef = 54FE19E9291A2D930033BCE4 /* UITextField+Extension.swift */; };
		54FE19ED291A32CD0033BCE4 /* OKButton.swift in Sources */ = {isa = PBXBuildFile; fileRef = 54FE19EC291A32CD0033BCE4 /* OKButton.swift */; };
		54FE19F4291A3BA70033BCE4 /* AuthManager.swift in Sources */ = {isa = PBXBuildFile; fileRef = 54FE19F3291A3BA70033BCE4 /* AuthManager.swift */; };
/* End PBXBuildFile section */

/* Begin PBXFileReference section */
		5418D542291BAF3E00BCEF30 /* Font+Extension.swift */ = {isa = PBXFileReference; lastKnownFileType = sourcecode.swift; path = "Font+Extension.swift"; sourceTree = "<group>"; };
		5418D545291BB54900BCEF30 /* NotoSansKR-Medium.otf */ = {isa = PBXFileReference; lastKnownFileType = file; path = "NotoSansKR-Medium.otf"; sourceTree = "<group>"; };
		5418D546291BB54900BCEF30 /* NotoSansKR-Regular.otf */ = {isa = PBXFileReference; lastKnownFileType = file; path = "NotoSansKR-Regular.otf"; sourceTree = "<group>"; };
		5418D54B291BCAE700BCEF30 /* String+Extension.swift */ = {isa = PBXFileReference; lastKnownFileType = sourcecode.swift; path = "String+Extension.swift"; sourceTree = "<group>"; };
		543CBF09291947D300563856 /* Transition+Extension.swift */ = {isa = PBXFileReference; lastKnownFileType = sourcecode.swift; path = "Transition+Extension.swift"; sourceTree = "<group>"; };
		543D579B291E354F00481019 /* OKButton+Extension.swift */ = {isa = PBXFileReference; lastKnownFileType = sourcecode.swift; path = "OKButton+Extension.swift"; sourceTree = "<group>"; };
		543F042C291FBE5C0029F088 /* UserViewModel.swift */ = {isa = PBXFileReference; lastKnownFileType = sourcecode.swift; path = UserViewModel.swift; sourceTree = "<group>"; };
		543F1FDF2921193900C31F8E /* Date+Extension.swift */ = {isa = PBXFileReference; lastKnownFileType = sourcecode.swift; path = "Date+Extension.swift"; sourceTree = "<group>"; };
		5442C418292915F800A8A925 /* ImageTableViewCell.swift */ = {isa = PBXFileReference; lastKnownFileType = sourcecode.swift; path = ImageTableViewCell.swift; sourceTree = "<group>"; };
		5444C0A0292366C400728EC3 /* MyInfoViewController.swift */ = {isa = PBXFileReference; lastKnownFileType = sourcecode.swift; path = MyInfoViewController.swift; sourceTree = "<group>"; };
		5444C0A2292366CD00728EC3 /* MyInfoView.swift */ = {isa = PBXFileReference; lastKnownFileType = sourcecode.swift; path = MyInfoView.swift; sourceTree = "<group>"; };
		5444C0A429236B7C00728EC3 /* TabBarViewController.swift */ = {isa = PBXFileReference; lastKnownFileType = sourcecode.swift; path = TabBarViewController.swift; sourceTree = "<group>"; };
		5444C0A629236C1F00728EC3 /* ShopViewController.swift */ = {isa = PBXFileReference; lastKnownFileType = sourcecode.swift; path = ShopViewController.swift; sourceTree = "<group>"; };
		5444C0A829236C3900728EC3 /* FriendViewController.swift */ = {isa = PBXFileReference; lastKnownFileType = sourcecode.swift; path = FriendViewController.swift; sourceTree = "<group>"; };
		5444C0AA29236C4D00728EC3 /* ShopView.swift */ = {isa = PBXFileReference; lastKnownFileType = sourcecode.swift; path = ShopView.swift; sourceTree = "<group>"; };
		5444C0AC29236C7100728EC3 /* FriendView.swift */ = {isa = PBXFileReference; lastKnownFileType = sourcecode.swift; path = FriendView.swift; sourceTree = "<group>"; };
		5444C0B42923772E00728EC3 /* MyInfoTableViewCell.swift */ = {isa = PBXFileReference; lastKnownFileType = sourcecode.swift; path = MyInfoTableViewCell.swift; sourceTree = "<group>"; };
		5444C0B62923820D00728EC3 /* NameTableViewCell.swift */ = {isa = PBXFileReference; lastKnownFileType = sourcecode.swift; path = NameTableViewCell.swift; sourceTree = "<group>"; };
		5444C0BA292393A600728EC3 /* DetailProfileViewController.swift */ = {isa = PBXFileReference; lastKnownFileType = sourcecode.swift; path = DetailProfileViewController.swift; sourceTree = "<group>"; };
		5444C0BC292393B600728EC3 /* DetailProfileView.swift */ = {isa = PBXFileReference; lastKnownFileType = sourcecode.swift; path = DetailProfileView.swift; sourceTree = "<group>"; };
		54569A3D2924D3A1008F3FC6 /* TitleCollectionViewCell.swift */ = {isa = PBXFileReference; lastKnownFileType = sourcecode.swift; path = TitleCollectionViewCell.swift; sourceTree = "<group>"; };
		54569A3F2924DCDE008F3FC6 /* FixedTableViewCell.swift */ = {isa = PBXFileReference; lastKnownFileType = sourcecode.swift; path = FixedTableViewCell.swift; sourceTree = "<group>"; };
		545AE796291E5FBA000F73C3 /* UserAPI.swift */ = {isa = PBXFileReference; lastKnownFileType = sourcecode.swift; path = UserAPI.swift; sourceTree = "<group>"; };
		545AE79B291E608D000F73C3 /* User.swift */ = {isa = PBXFileReference; lastKnownFileType = sourcecode.swift; path = User.swift; sourceTree = "<group>"; };
		545AE7A0291E77DC000F73C3 /* NoNetworkViewController.swift */ = {isa = PBXFileReference; lastKnownFileType = sourcecode.swift; path = NoNetworkViewController.swift; sourceTree = "<group>"; };
		545AE7A2291E7811000F73C3 /* NoNetworkView.swift */ = {isa = PBXFileReference; lastKnownFileType = sourcecode.swift; path = NoNetworkView.swift; sourceTree = "<group>"; };
		545BEAFC291A484900CF861F /* MainMapViewController.swift */ = {isa = PBXFileReference; lastKnownFileType = sourcecode.swift; path = MainMapViewController.swift; sourceTree = "<group>"; };
		545BEAFE291A485500CF861F /* MainMapView.swift */ = {isa = PBXFileReference; lastKnownFileType = sourcecode.swift; path = MainMapView.swift; sourceTree = "<group>"; };
		545BEB00291A48B900CF861F /* SMSCodeViewController.swift */ = {isa = PBXFileReference; lastKnownFileType = sourcecode.swift; path = SMSCodeViewController.swift; sourceTree = "<group>"; };
		545BEB02291A48C000CF861F /* SMSCodeView.swift */ = {isa = PBXFileReference; lastKnownFileType = sourcecode.swift; path = SMSCodeView.swift; sourceTree = "<group>"; };
		5461B4A52918B6440000D726 /* SLP_LocationApp.app */ = {isa = PBXFileReference; explicitFileType = wrapper.application; includeInIndex = 0; path = SLP_LocationApp.app; sourceTree = BUILT_PRODUCTS_DIR; };
		5461B4A82918B6440000D726 /* AppDelegate.swift */ = {isa = PBXFileReference; lastKnownFileType = sourcecode.swift; path = AppDelegate.swift; sourceTree = "<group>"; };
		5461B4AA2918B6440000D726 /* SceneDelegate.swift */ = {isa = PBXFileReference; lastKnownFileType = sourcecode.swift; path = SceneDelegate.swift; sourceTree = "<group>"; };
		5461B4B12918B6450000D726 /* Assets.xcassets */ = {isa = PBXFileReference; lastKnownFileType = folder.assetcatalog; path = Assets.xcassets; sourceTree = "<group>"; };
		5461B4B42918B6450000D726 /* Base */ = {isa = PBXFileReference; lastKnownFileType = file.storyboard; name = Base; path = Base.lproj/LaunchScreen.storyboard; sourceTree = "<group>"; };
		5461B4B62918B6450000D726 /* Info.plist */ = {isa = PBXFileReference; lastKnownFileType = text.plist.xml; path = Info.plist; sourceTree = "<group>"; };
		5461B4BC2918BED00000D726 /* .gitignore */ = {isa = PBXFileReference; lastKnownFileType = text; path = .gitignore; sourceTree = "<group>"; };
		5461B4BF2918C50F0000D726 /* AuthViewController.swift */ = {isa = PBXFileReference; lastKnownFileType = sourcecode.swift; path = AuthViewController.swift; sourceTree = "<group>"; };
		5461B4C12918C5170000D726 /* AuthView.swift */ = {isa = PBXFileReference; lastKnownFileType = sourcecode.swift; path = AuthView.swift; sourceTree = "<group>"; };
		5461B4C32918C5360000D726 /* NicknameViewController.swift */ = {isa = PBXFileReference; lastKnownFileType = sourcecode.swift; path = NicknameViewController.swift; sourceTree = "<group>"; };
		5461B4C52918C5430000D726 /* NickNameView.swift */ = {isa = PBXFileReference; lastKnownFileType = sourcecode.swift; path = NickNameView.swift; sourceTree = "<group>"; };
		5461B4C72918C5660000D726 /* BirthViewController.swift */ = {isa = PBXFileReference; lastKnownFileType = sourcecode.swift; path = BirthViewController.swift; sourceTree = "<group>"; };
		5461B4C92918C56C0000D726 /* BirthView.swift */ = {isa = PBXFileReference; lastKnownFileType = sourcecode.swift; path = BirthView.swift; sourceTree = "<group>"; };
		5461B4CB2918C59A0000D726 /* EmailViewController.swift */ = {isa = PBXFileReference; lastKnownFileType = sourcecode.swift; path = EmailViewController.swift; sourceTree = "<group>"; };
		5461B4CD2918C5A60000D726 /* EmailView.swift */ = {isa = PBXFileReference; lastKnownFileType = sourcecode.swift; path = EmailView.swift; sourceTree = "<group>"; };
		5461B4CF2918C5B70000D726 /* GenderViewController.swift */ = {isa = PBXFileReference; lastKnownFileType = sourcecode.swift; path = GenderViewController.swift; sourceTree = "<group>"; };
		5461B4D12918C5BF0000D726 /* GenderView.swift */ = {isa = PBXFileReference; lastKnownFileType = sourcecode.swift; path = GenderView.swift; sourceTree = "<group>"; };
		5461B4D32918C5F90000D726 /* OnboardingViewController.swift */ = {isa = PBXFileReference; lastKnownFileType = sourcecode.swift; path = OnboardingViewController.swift; sourceTree = "<group>"; };
		5461B4D52918C6050000D726 /* OnboardingView.swift */ = {isa = PBXFileReference; lastKnownFileType = sourcecode.swift; path = OnboardingView.swift; sourceTree = "<group>"; };
		5461B4DA2918CBAD0000D726 /* BaseViewController.swift */ = {isa = PBXFileReference; lastKnownFileType = sourcecode.swift; path = BaseViewController.swift; sourceTree = "<group>"; };
		5461B4DC2918CBB50000D726 /* BaseView.swift */ = {isa = PBXFileReference; lastKnownFileType = sourcecode.swift; path = BaseView.swift; sourceTree = "<group>"; };
		5461B4E22918CD090000D726 /* Color+Extension.swift */ = {isa = PBXFileReference; lastKnownFileType = sourcecode.swift; path = "Color+Extension.swift"; sourceTree = "<group>"; };
		5461B4E52918CD470000D726 /* Constants.swift */ = {isa = PBXFileReference; lastKnownFileType = sourcecode.swift; path = Constants.swift; sourceTree = "<group>"; };
		5461B4E72918CD570000D726 /* Color.swift */ = {isa = PBXFileReference; lastKnownFileType = sourcecode.swift; path = Color.swift; sourceTree = "<group>"; };
		547264B32923D1E00010953B /* ExpandableTableViewCell.swift */ = {isa = PBXFileReference; lastKnownFileType = sourcecode.swift; path = ExpandableTableViewCell.swift; sourceTree = "<group>"; };
		5498682E2918DF3A005DBF6E /* OnboardingCollectionViewCell.swift */ = {isa = PBXFileReference; lastKnownFileType = sourcecode.swift; path = OnboardingCollectionViewCell.swift; sourceTree = "<group>"; };
		549868312918DFA9005DBF6E /* OnboardingSlide.swift */ = {isa = PBXFileReference; lastKnownFileType = sourcecode.swift; path = OnboardingSlide.swift; sourceTree = "<group>"; };
		54ACF64A291D2B320002A121 /* GoogleService-Info.plist */ = {isa = PBXFileReference; fileEncoding = 4; lastKnownFileType = text.plist.xml; path = "GoogleService-Info.plist"; sourceTree = "<group>"; };
		54ACF650291D39220002A121 /* Toast+Extension.swift */ = {isa = PBXFileReference; lastKnownFileType = sourcecode.swift; path = "Toast+Extension.swift"; sourceTree = "<group>"; };
		54C225AF291F3109003596BB /* Dongle-Regular.ttf */ = {isa = PBXFileReference; lastKnownFileType = file; path = "Dongle-Regular.ttf"; sourceTree = "<group>"; };
		54FE19E9291A2D930033BCE4 /* UITextField+Extension.swift */ = {isa = PBXFileReference; lastKnownFileType = sourcecode.swift; path = "UITextField+Extension.swift"; sourceTree = "<group>"; };
		54FE19EC291A32CD0033BCE4 /* OKButton.swift */ = {isa = PBXFileReference; lastKnownFileType = sourcecode.swift; path = OKButton.swift; sourceTree = "<group>"; };
		54FE19F3291A3BA70033BCE4 /* AuthManager.swift */ = {isa = PBXFileReference; lastKnownFileType = sourcecode.swift; path = AuthManager.swift; sourceTree = "<group>"; };
/* End PBXFileReference section */

/* Begin PBXFrameworksBuildPhase section */
		5461B4A22918B6440000D726 /* Frameworks */ = {
			isa = PBXFrameworksBuildPhase;
			buildActionMask = 2147483647;
			files = (
				54360A3A292259AD004B2CBA /* FirebaseMessaging in Frameworks */,
				5461B4E02918CBF70000D726 /* SnapKit in Frameworks */,
				5471A1E4291D1A2B002C80D8 /* IQKeyboardManagerSwift in Frameworks */,
				542FAEF5291BFBA800E71C87 /* AnyFormatKit in Frameworks */,
				545AE79F291E66B0000F73C3 /* KeychainSwift in Frameworks */,
				545AE79A291E6015000F73C3 /* Alamofire in Frameworks */,
				54360A38292259AD004B2CBA /* FirebaseAuth in Frameworks */,
				54ACF64E291D361A0002A121 /* Toast in Frameworks */,
			);
			runOnlyForDeploymentPostprocessing = 0;
		};
/* End PBXFrameworksBuildPhase section */

/* Begin PBXGroup section */
		5418D544291BB52B00BCEF30 /* Fonts */ = {
			isa = PBXGroup;
			children = (
				5418D545291BB54900BCEF30 /* NotoSansKR-Medium.otf */,
				5418D546291BB54900BCEF30 /* NotoSansKR-Regular.otf */,
				54C225AF291F3109003596BB /* Dongle-Regular.ttf */,
			);
			path = Fonts;
			sourceTree = "<group>";
		};
		543CBF0B2919512700563856 /* Onboarding */ = {
			isa = PBXGroup;
			children = (
				5461B4D32918C5F90000D726 /* OnboardingViewController.swift */,
				5461B4D52918C6050000D726 /* OnboardingView.swift */,
				5498682E2918DF3A005DBF6E /* OnboardingCollectionViewCell.swift */,
			);
			path = Onboarding;
			sourceTree = "<group>";
		};
		543F042B291FBE310029F088 /* ViewModels */ = {
			isa = PBXGroup;
			children = (
				543F042C291FBE5C0029F088 /* UserViewModel.swift */,
			);
			path = ViewModels;
			sourceTree = "<group>";
		};
		5444C09F2923669000728EC3 /* The4thMyInfo */ = {
			isa = PBXGroup;
			children = (
				547264B52923DD5A0010953B /* MyInfo */,
				547264B62923DD6B0010953B /* DetailProfile */,
			);
			path = The4thMyInfo;
			sourceTree = "<group>";
		};
		5444C0AE2923766A00728EC3 /* The1stHomeVC */ = {
			isa = PBXGroup;
			children = (
				545BEAFC291A484900CF861F /* MainMapViewController.swift */,
				545BEAFE291A485500CF861F /* MainMapView.swift */,
			);
			path = The1stHomeVC;
			sourceTree = "<group>";
		};
		5444C0AF2923768900728EC3 /* The2ndShopVC */ = {
			isa = PBXGroup;
			children = (
				5444C0A629236C1F00728EC3 /* ShopViewController.swift */,
				5444C0AA29236C4D00728EC3 /* ShopView.swift */,
			);
			path = The2ndShopVC;
			sourceTree = "<group>";
		};
		5444C0B02923769D00728EC3 /* The3rdFriendVC */ = {
			isa = PBXGroup;
			children = (
				5444C0A829236C3900728EC3 /* FriendViewController.swift */,
				5444C0AC29236C7100728EC3 /* FriendView.swift */,
			);
			path = The3rdFriendVC;
			sourceTree = "<group>";
		};
		545AE795291E5F9B000F73C3 /* Network */ = {
			isa = PBXGroup;
			children = (
				545AE796291E5FBA000F73C3 /* UserAPI.swift */,
				545AE7A0291E77DC000F73C3 /* NoNetworkViewController.swift */,
				545AE7A2291E7811000F73C3 /* NoNetworkView.swift */,
			);
			path = Network;
			sourceTree = "<group>";
		};
		545BEAFB291A481000CF861F /* Main */ = {
			isa = PBXGroup;
			children = (
				5444C0AE2923766A00728EC3 /* The1stHomeVC */,
				5444C0AF2923768900728EC3 /* The2ndShopVC */,
				5444C0B02923769D00728EC3 /* The3rdFriendVC */,
				5444C09F2923669000728EC3 /* The4thMyInfo */,
			);
			path = Main;
			sourceTree = "<group>";
		};
		5461B49C2918B6440000D726 = {
			isa = PBXGroup;
			children = (
				5461B4BC2918BED00000D726 /* .gitignore */,
				54ACF64A291D2B320002A121 /* GoogleService-Info.plist */,
				5461B4A72918B6440000D726 /* SLP_LocationApp */,
				5461B4A62918B6440000D726 /* Products */,
			);
			sourceTree = "<group>";
		};
		5461B4A62918B6440000D726 /* Products */ = {
			isa = PBXGroup;
			children = (
				5461B4A52918B6440000D726 /* SLP_LocationApp.app */,
			);
			name = Products;
			sourceTree = "<group>";
		};
		5461B4A72918B6440000D726 /* SLP_LocationApp */ = {
			isa = PBXGroup;
			children = (
				543F042B291FBE310029F088 /* ViewModels */,
				545AE795291E5F9B000F73C3 /* Network */,
				549868302918DF9C005DBF6E /* Models */,
				5461B4D92918CB940000D726 /* Utility */,
				5461B4BE2918C4CC0000D726 /* Controllers */,
				5461B4AA2918B6440000D726 /* SceneDelegate.swift */,
				5461B4A82918B6440000D726 /* AppDelegate.swift */,
				5461B4B12918B6450000D726 /* Assets.xcassets */,
				5461B4B32918B6450000D726 /* LaunchScreen.storyboard */,
				5461B4B62918B6450000D726 /* Info.plist */,
			);
			path = SLP_LocationApp;
			sourceTree = "<group>";
		};
		5461B4BE2918C4CC0000D726 /* Controllers */ = {
			isa = PBXGroup;
			children = (
				5444C0A429236B7C00728EC3 /* TabBarViewController.swift */,
				543CBF0B2919512700563856 /* Onboarding */,
				5461B4D72918C71B0000D726 /* AuthLogin */,
				5461B4D82918C76F0000D726 /* Signup */,
				545BEAFB291A481000CF861F /* Main */,
			);
			path = Controllers;
			sourceTree = "<group>";
		};
		5461B4D72918C71B0000D726 /* AuthLogin */ = {
			isa = PBXGroup;
			children = (
				54FE19F3291A3BA70033BCE4 /* AuthManager.swift */,
				5461B4BF2918C50F0000D726 /* AuthViewController.swift */,
				5461B4C12918C5170000D726 /* AuthView.swift */,
				545BEB00291A48B900CF861F /* SMSCodeViewController.swift */,
				545BEB02291A48C000CF861F /* SMSCodeView.swift */,
			);
			path = AuthLogin;
			sourceTree = "<group>";
		};
		5461B4D82918C76F0000D726 /* Signup */ = {
			isa = PBXGroup;
			children = (
				5461B4C32918C5360000D726 /* NicknameViewController.swift */,
				5461B4C52918C5430000D726 /* NickNameView.swift */,
				5461B4C72918C5660000D726 /* BirthViewController.swift */,
				5461B4C92918C56C0000D726 /* BirthView.swift */,
				5461B4CB2918C59A0000D726 /* EmailViewController.swift */,
				5461B4CD2918C5A60000D726 /* EmailView.swift */,
				5461B4CF2918C5B70000D726 /* GenderViewController.swift */,
				5461B4D12918C5BF0000D726 /* GenderView.swift */,
			);
			path = Signup;
			sourceTree = "<group>";
		};
		5461B4D92918CB940000D726 /* Utility */ = {
			isa = PBXGroup;
			children = (
				5418D544291BB52B00BCEF30 /* Fonts */,
				54FE19EB291A32BC0033BCE4 /* CustomView */,
				549E57D42919D1EF00CACF54 /* BaseViews */,
				5461B4E42918CD360000D726 /* Constants */,
				5461B4E12918CCF50000D726 /* Extensions */,
			);
			path = Utility;
			sourceTree = "<group>";
		};
		5461B4E12918CCF50000D726 /* Extensions */ = {
			isa = PBXGroup;
			children = (
				5461B4E22918CD090000D726 /* Color+Extension.swift */,
				5418D542291BAF3E00BCEF30 /* Font+Extension.swift */,
				543CBF09291947D300563856 /* Transition+Extension.swift */,
				54FE19E9291A2D930033BCE4 /* UITextField+Extension.swift */,
				5418D54B291BCAE700BCEF30 /* String+Extension.swift */,
				54ACF650291D39220002A121 /* Toast+Extension.swift */,
				543D579B291E354F00481019 /* OKButton+Extension.swift */,
				543F1FDF2921193900C31F8E /* Date+Extension.swift */,
			);
			path = Extensions;
			sourceTree = "<group>";
		};
		5461B4E42918CD360000D726 /* Constants */ = {
			isa = PBXGroup;
			children = (
				5461B4E52918CD470000D726 /* Constants.swift */,
				5461B4E72918CD570000D726 /* Color.swift */,
			);
			path = Constants;
			sourceTree = "<group>";
		};
		547264B52923DD5A0010953B /* MyInfo */ = {
			isa = PBXGroup;
			children = (
				5444C0A0292366C400728EC3 /* MyInfoViewController.swift */,
				5444C0A2292366CD00728EC3 /* MyInfoView.swift */,
				5444C0B62923820D00728EC3 /* NameTableViewCell.swift */,
				5444C0B42923772E00728EC3 /* MyInfoTableViewCell.swift */,
			);
			path = MyInfo;
			sourceTree = "<group>";
		};
		547264B62923DD6B0010953B /* DetailProfile */ = {
			isa = PBXGroup;
			children = (
				5444C0BA292393A600728EC3 /* DetailProfileViewController.swift */,
				5444C0BC292393B600728EC3 /* DetailProfileView.swift */,
				5442C418292915F800A8A925 /* ImageTableViewCell.swift */,
				547264B32923D1E00010953B /* ExpandableTableViewCell.swift */,
				54569A3D2924D3A1008F3FC6 /* TitleCollectionViewCell.swift */,
				54569A3F2924DCDE008F3FC6 /* FixedTableViewCell.swift */,
			);
			path = DetailProfile;
			sourceTree = "<group>";
		};
		549868302918DF9C005DBF6E /* Models */ = {
			isa = PBXGroup;
			children = (
				549868312918DFA9005DBF6E /* OnboardingSlide.swift */,
				545AE79B291E608D000F73C3 /* User.swift */,
			);
			path = Models;
			sourceTree = "<group>";
		};
		549E57D42919D1EF00CACF54 /* BaseViews */ = {
			isa = PBXGroup;
			children = (
				5461B4DA2918CBAD0000D726 /* BaseViewController.swift */,
				5461B4DC2918CBB50000D726 /* BaseView.swift */,
			);
			path = BaseViews;
			sourceTree = "<group>";
		};
		54FE19EB291A32BC0033BCE4 /* CustomView */ = {
			isa = PBXGroup;
			children = (
				54FE19EC291A32CD0033BCE4 /* OKButton.swift */,
			);
			path = CustomView;
			sourceTree = "<group>";
		};
/* End PBXGroup section */

/* Begin PBXNativeTarget section */
		5461B4A42918B6440000D726 /* SLP_LocationApp */ = {
			isa = PBXNativeTarget;
			buildConfigurationList = 5461B4B92918B6450000D726 /* Build configuration list for PBXNativeTarget "SLP_LocationApp" */;
			buildPhases = (
				5461B4A12918B6440000D726 /* Sources */,
				5461B4A22918B6440000D726 /* Frameworks */,
				5461B4A32918B6440000D726 /* Resources */,
			);
			buildRules = (
			);
			dependencies = (
			);
			name = SLP_LocationApp;
			packageProductDependencies = (
				5461B4DF2918CBF70000D726 /* SnapKit */,
				542FAEF4291BFBA800E71C87 /* AnyFormatKit */,
				5471A1E3291D1A2B002C80D8 /* IQKeyboardManagerSwift */,
				54ACF64D291D361A0002A121 /* Toast */,
				545AE799291E6015000F73C3 /* Alamofire */,
				545AE79E291E66B0000F73C3 /* KeychainSwift */,
				54360A37292259AD004B2CBA /* FirebaseAuth */,
				54360A39292259AD004B2CBA /* FirebaseMessaging */,
			);
			productName = SLP_LocationApp;
			productReference = 5461B4A52918B6440000D726 /* SLP_LocationApp.app */;
			productType = "com.apple.product-type.application";
		};
/* End PBXNativeTarget section */

/* Begin PBXProject section */
		5461B49D2918B6440000D726 /* Project object */ = {
			isa = PBXProject;
			attributes = {
				BuildIndependentTargetsInParallel = 1;
				LastSwiftUpdateCheck = 1410;
				LastUpgradeCheck = 1410;
				TargetAttributes = {
					5461B4A42918B6440000D726 = {
						CreatedOnToolsVersion = 14.1;
					};
				};
			};
			buildConfigurationList = 5461B4A02918B6440000D726 /* Build configuration list for PBXProject "SLP_LocationApp" */;
			compatibilityVersion = "Xcode 14.0";
			developmentRegion = en;
			hasScannedForEncodings = 0;
			knownRegions = (
				en,
				Base,
			);
			mainGroup = 5461B49C2918B6440000D726;
			packageReferences = (
				5461B4DE2918CBF70000D726 /* XCRemoteSwiftPackageReference "SnapKit" */,
				542FAEF3291BFBA800E71C87 /* XCRemoteSwiftPackageReference "AnyFormatKit" */,
				5471A1E2291D1A2B002C80D8 /* XCRemoteSwiftPackageReference "IQKeyboardManager" */,
				54ACF64C291D361A0002A121 /* XCRemoteSwiftPackageReference "Toast-Swift" */,
				545AE798291E6015000F73C3 /* XCRemoteSwiftPackageReference "Alamofire" */,
				545AE79D291E66B0000F73C3 /* XCRemoteSwiftPackageReference "keychain-swift" */,
				54360A36292259AD004B2CBA /* XCRemoteSwiftPackageReference "firebase-ios-sdk" */,
			);
			productRefGroup = 5461B4A62918B6440000D726 /* Products */;
			projectDirPath = "";
			projectRoot = "";
			targets = (
				5461B4A42918B6440000D726 /* SLP_LocationApp */,
			);
		};
/* End PBXProject section */

/* Begin PBXResourcesBuildPhase section */
		5461B4A32918B6440000D726 /* Resources */ = {
			isa = PBXResourcesBuildPhase;
			buildActionMask = 2147483647;
			files = (
				5461B4BD2918BED00000D726 /* .gitignore in Resources */,
				5418D547291BB54900BCEF30 /* NotoSansKR-Medium.otf in Resources */,
				54C225B0291F3109003596BB /* Dongle-Regular.ttf in Resources */,
				5461B4B52918B6450000D726 /* LaunchScreen.storyboard in Resources */,
				5418D548291BB54900BCEF30 /* NotoSansKR-Regular.otf in Resources */,
				5461B4B22918B6450000D726 /* Assets.xcassets in Resources */,
				54ACF64B291D2B320002A121 /* GoogleService-Info.plist in Resources */,
			);
			runOnlyForDeploymentPostprocessing = 0;
		};
/* End PBXResourcesBuildPhase section */

/* Begin PBXSourcesBuildPhase section */
		5461B4A12918B6440000D726 /* Sources */ = {
			isa = PBXSourcesBuildPhase;
			buildActionMask = 2147483647;
			files = (
				5461B4C02918C50F0000D726 /* AuthViewController.swift in Sources */,
				54569A3E2924D3A1008F3FC6 /* TitleCollectionViewCell.swift in Sources */,
				5461B4A92918B6440000D726 /* AppDelegate.swift in Sources */,
				5444C0BD292393B600728EC3 /* DetailProfileView.swift in Sources */,
				543F1FE02921193900C31F8E /* Date+Extension.swift in Sources */,
				5444C0AB29236C4D00728EC3 /* ShopView.swift in Sources */,
				5444C0A729236C1F00728EC3 /* ShopViewController.swift in Sources */,
				5461B4D62918C6050000D726 /* OnboardingView.swift in Sources */,
				5444C0B72923820D00728EC3 /* NameTableViewCell.swift in Sources */,
				5444C0AD29236C7100728EC3 /* FriendView.swift in Sources */,
				5444C0A529236B7C00728EC3 /* TabBarViewController.swift in Sources */,
				54ACF651291D39220002A121 /* Toast+Extension.swift in Sources */,
				54569A402924DCDE008F3FC6 /* FixedTableViewCell.swift in Sources */,
				547264B42923D1E00010953B /* ExpandableTableViewCell.swift in Sources */,
				545BEB03291A48C000CF861F /* SMSCodeView.swift in Sources */,
				545AE7A3291E7811000F73C3 /* NoNetworkView.swift in Sources */,
				545BEAFF291A485500CF861F /* MainMapView.swift in Sources */,
				5461B4CE2918C5A60000D726 /* EmailView.swift in Sources */,
				5461B4D22918C5BF0000D726 /* GenderView.swift in Sources */,
				5461B4DB2918CBAD0000D726 /* BaseViewController.swift in Sources */,
				543CBF0A291947D300563856 /* Transition+Extension.swift in Sources */,
				5442C419292915F800A8A925 /* ImageTableViewCell.swift in Sources */,
				5461B4C22918C5170000D726 /* AuthView.swift in Sources */,
				545BEAFD291A484900CF861F /* MainMapViewController.swift in Sources */,
				5444C0A3292366CD00728EC3 /* MyInfoView.swift in Sources */,
				543F042D291FBE5C0029F088 /* UserViewModel.swift in Sources */,
				5498682F2918DF3A005DBF6E /* OnboardingCollectionViewCell.swift in Sources */,
				545AE79C291E608D000F73C3 /* User.swift in Sources */,
				5444C0A929236C3900728EC3 /* FriendViewController.swift in Sources */,
				5444C0BB292393A600728EC3 /* DetailProfileViewController.swift in Sources */,
				5461B4C82918C5660000D726 /* BirthViewController.swift in Sources */,
				543D579C291E354F00481019 /* OKButton+Extension.swift in Sources */,
				549868322918DFA9005DBF6E /* OnboardingSlide.swift in Sources */,
				5461B4C62918C5430000D726 /* NickNameView.swift in Sources */,
				545AE7A1291E77DC000F73C3 /* NoNetworkViewController.swift in Sources */,
				5444C0B52923772E00728EC3 /* MyInfoTableViewCell.swift in Sources */,
				5444C0A1292366C400728EC3 /* MyInfoViewController.swift in Sources */,
				5461B4C42918C5360000D726 /* NicknameViewController.swift in Sources */,
				5418D54C291BCAE700BCEF30 /* String+Extension.swift in Sources */,
				5461B4AB2918B6440000D726 /* SceneDelegate.swift in Sources */,
				5461B4E82918CD570000D726 /* Color.swift in Sources */,
				545AE797291E5FBA000F73C3 /* UserAPI.swift in Sources */,
				5461B4D02918C5B70000D726 /* GenderViewController.swift in Sources */,
				5461B4D42918C5F90000D726 /* OnboardingViewController.swift in Sources */,
				5461B4CA2918C56C0000D726 /* BirthView.swift in Sources */,
				5461B4E32918CD090000D726 /* Color+Extension.swift in Sources */,
				54FE19EA291A2D930033BCE4 /* UITextField+Extension.swift in Sources */,
				5461B4CC2918C59A0000D726 /* EmailViewController.swift in Sources */,
				545BEB01291A48B900CF861F /* SMSCodeViewController.swift in Sources */,
				5461B4DD2918CBB50000D726 /* BaseView.swift in Sources */,
				5418D543291BAF3E00BCEF30 /* Font+Extension.swift in Sources */,
				5461B4E62918CD470000D726 /* Constants.swift in Sources */,
				54FE19ED291A32CD0033BCE4 /* OKButton.swift in Sources */,
				54FE19F4291A3BA70033BCE4 /* AuthManager.swift in Sources */,
			);
			runOnlyForDeploymentPostprocessing = 0;
		};
/* End PBXSourcesBuildPhase section */

/* Begin PBXVariantGroup section */
		5461B4B32918B6450000D726 /* LaunchScreen.storyboard */ = {
			isa = PBXVariantGroup;
			children = (
				5461B4B42918B6450000D726 /* Base */,
			);
			name = LaunchScreen.storyboard;
			sourceTree = "<group>";
		};
/* End PBXVariantGroup section */

/* Begin XCBuildConfiguration section */
		5461B4B72918B6450000D726 /* Debug */ = {
			isa = XCBuildConfiguration;
			buildSettings = {
				ALWAYS_SEARCH_USER_PATHS = NO;
				CLANG_ANALYZER_NONNULL = YES;
				CLANG_ANALYZER_NUMBER_OBJECT_CONVERSION = YES_AGGRESSIVE;
				CLANG_CXX_LANGUAGE_STANDARD = "gnu++20";
				CLANG_ENABLE_MODULES = YES;
				CLANG_ENABLE_OBJC_ARC = YES;
				CLANG_ENABLE_OBJC_WEAK = YES;
				CLANG_WARN_BLOCK_CAPTURE_AUTORELEASING = YES;
				CLANG_WARN_BOOL_CONVERSION = YES;
				CLANG_WARN_COMMA = YES;
				CLANG_WARN_CONSTANT_CONVERSION = YES;
				CLANG_WARN_DEPRECATED_OBJC_IMPLEMENTATIONS = YES;
				CLANG_WARN_DIRECT_OBJC_ISA_USAGE = YES_ERROR;
				CLANG_WARN_DOCUMENTATION_COMMENTS = YES;
				CLANG_WARN_EMPTY_BODY = YES;
				CLANG_WARN_ENUM_CONVERSION = YES;
				CLANG_WARN_INFINITE_RECURSION = YES;
				CLANG_WARN_INT_CONVERSION = YES;
				CLANG_WARN_NON_LITERAL_NULL_CONVERSION = YES;
				CLANG_WARN_OBJC_IMPLICIT_RETAIN_SELF = YES;
				CLANG_WARN_OBJC_LITERAL_CONVERSION = YES;
				CLANG_WARN_OBJC_ROOT_CLASS = YES_ERROR;
				CLANG_WARN_QUOTED_INCLUDE_IN_FRAMEWORK_HEADER = YES;
				CLANG_WARN_RANGE_LOOP_ANALYSIS = YES;
				CLANG_WARN_STRICT_PROTOTYPES = YES;
				CLANG_WARN_SUSPICIOUS_MOVE = YES;
				CLANG_WARN_UNGUARDED_AVAILABILITY = YES_AGGRESSIVE;
				CLANG_WARN_UNREACHABLE_CODE = YES;
				CLANG_WARN__DUPLICATE_METHOD_MATCH = YES;
				COPY_PHASE_STRIP = NO;
				DEBUG_INFORMATION_FORMAT = dwarf;
				ENABLE_STRICT_OBJC_MSGSEND = YES;
				ENABLE_TESTABILITY = YES;
				GCC_C_LANGUAGE_STANDARD = gnu11;
				GCC_DYNAMIC_NO_PIC = NO;
				GCC_NO_COMMON_BLOCKS = YES;
				GCC_OPTIMIZATION_LEVEL = 0;
				GCC_PREPROCESSOR_DEFINITIONS = (
					"DEBUG=1",
					"$(inherited)",
				);
				GCC_WARN_64_TO_32_BIT_CONVERSION = YES;
				GCC_WARN_ABOUT_RETURN_TYPE = YES_ERROR;
				GCC_WARN_UNDECLARED_SELECTOR = YES;
				GCC_WARN_UNINITIALIZED_AUTOS = YES_AGGRESSIVE;
				GCC_WARN_UNUSED_FUNCTION = YES;
				GCC_WARN_UNUSED_VARIABLE = YES;
				IPHONEOS_DEPLOYMENT_TARGET = 15.0;
				MTL_ENABLE_DEBUG_INFO = INCLUDE_SOURCE;
				MTL_FAST_MATH = YES;
				ONLY_ACTIVE_ARCH = YES;
				SDKROOT = iphoneos;
				SWIFT_ACTIVE_COMPILATION_CONDITIONS = DEBUG;
				SWIFT_OPTIMIZATION_LEVEL = "-Onone";
			};
			name = Debug;
		};
		5461B4B82918B6450000D726 /* Release */ = {
			isa = XCBuildConfiguration;
			buildSettings = {
				ALWAYS_SEARCH_USER_PATHS = NO;
				CLANG_ANALYZER_NONNULL = YES;
				CLANG_ANALYZER_NUMBER_OBJECT_CONVERSION = YES_AGGRESSIVE;
				CLANG_CXX_LANGUAGE_STANDARD = "gnu++20";
				CLANG_ENABLE_MODULES = YES;
				CLANG_ENABLE_OBJC_ARC = YES;
				CLANG_ENABLE_OBJC_WEAK = YES;
				CLANG_WARN_BLOCK_CAPTURE_AUTORELEASING = YES;
				CLANG_WARN_BOOL_CONVERSION = YES;
				CLANG_WARN_COMMA = YES;
				CLANG_WARN_CONSTANT_CONVERSION = YES;
				CLANG_WARN_DEPRECATED_OBJC_IMPLEMENTATIONS = YES;
				CLANG_WARN_DIRECT_OBJC_ISA_USAGE = YES_ERROR;
				CLANG_WARN_DOCUMENTATION_COMMENTS = YES;
				CLANG_WARN_EMPTY_BODY = YES;
				CLANG_WARN_ENUM_CONVERSION = YES;
				CLANG_WARN_INFINITE_RECURSION = YES;
				CLANG_WARN_INT_CONVERSION = YES;
				CLANG_WARN_NON_LITERAL_NULL_CONVERSION = YES;
				CLANG_WARN_OBJC_IMPLICIT_RETAIN_SELF = YES;
				CLANG_WARN_OBJC_LITERAL_CONVERSION = YES;
				CLANG_WARN_OBJC_ROOT_CLASS = YES_ERROR;
				CLANG_WARN_QUOTED_INCLUDE_IN_FRAMEWORK_HEADER = YES;
				CLANG_WARN_RANGE_LOOP_ANALYSIS = YES;
				CLANG_WARN_STRICT_PROTOTYPES = YES;
				CLANG_WARN_SUSPICIOUS_MOVE = YES;
				CLANG_WARN_UNGUARDED_AVAILABILITY = YES_AGGRESSIVE;
				CLANG_WARN_UNREACHABLE_CODE = YES;
				CLANG_WARN__DUPLICATE_METHOD_MATCH = YES;
				COPY_PHASE_STRIP = NO;
				DEBUG_INFORMATION_FORMAT = "dwarf-with-dsym";
				ENABLE_NS_ASSERTIONS = NO;
				ENABLE_STRICT_OBJC_MSGSEND = YES;
				GCC_C_LANGUAGE_STANDARD = gnu11;
				GCC_NO_COMMON_BLOCKS = YES;
				GCC_WARN_64_TO_32_BIT_CONVERSION = YES;
				GCC_WARN_ABOUT_RETURN_TYPE = YES_ERROR;
				GCC_WARN_UNDECLARED_SELECTOR = YES;
				GCC_WARN_UNINITIALIZED_AUTOS = YES_AGGRESSIVE;
				GCC_WARN_UNUSED_FUNCTION = YES;
				GCC_WARN_UNUSED_VARIABLE = YES;
				IPHONEOS_DEPLOYMENT_TARGET = 15.0;
				MTL_ENABLE_DEBUG_INFO = NO;
				MTL_FAST_MATH = YES;
				SDKROOT = iphoneos;
				SWIFT_COMPILATION_MODE = wholemodule;
				SWIFT_OPTIMIZATION_LEVEL = "-O";
				VALIDATE_PRODUCT = YES;
			};
			name = Release;
		};
		5461B4BA2918B6450000D726 /* Debug */ = {
			isa = XCBuildConfiguration;
			buildSettings = {
				ASSETCATALOG_COMPILER_APPICON_NAME = AppIcon;
				ASSETCATALOG_COMPILER_GLOBAL_ACCENT_COLOR_NAME = AccentColor;
				CODE_SIGN_STYLE = Automatic;
				CURRENT_PROJECT_VERSION = 1;
				DEVELOPMENT_TEAM = "";
				GENERATE_INFOPLIST_FILE = YES;
				INFOPLIST_FILE = SLP_LocationApp/Info.plist;
				INFOPLIST_KEY_UIApplicationSupportsIndirectInputEvents = YES;
				INFOPLIST_KEY_UILaunchStoryboardName = LaunchScreen;
				INFOPLIST_KEY_UIMainStoryboardFile = "";
				INFOPLIST_KEY_UIStatusBarStyle = "";
				INFOPLIST_KEY_UISupportedInterfaceOrientations = UIInterfaceOrientationPortrait;
				IPHONEOS_DEPLOYMENT_TARGET = 15.0;
				LD_RUNPATH_SEARCH_PATHS = (
					"$(inherited)",
					"@executable_path/Frameworks",
				);
				MARKETING_VERSION = 1.0;
				PRODUCT_BUNDLE_IDENTIFIER = com.memolease.sesacslp;
				PRODUCT_NAME = "$(TARGET_NAME)";
				SUPPORTED_PLATFORMS = "iphoneos iphonesimulator";
				SUPPORTS_MACCATALYST = NO;
				SUPPORTS_MAC_DESIGNED_FOR_IPHONE_IPAD = NO;
				SWIFT_EMIT_LOC_STRINGS = YES;
				SWIFT_VERSION = 5.0;
				TARGETED_DEVICE_FAMILY = 1;
			};
			name = Debug;
		};
		5461B4BB2918B6450000D726 /* Release */ = {
			isa = XCBuildConfiguration;
			buildSettings = {
				ASSETCATALOG_COMPILER_APPICON_NAME = AppIcon;
				ASSETCATALOG_COMPILER_GLOBAL_ACCENT_COLOR_NAME = AccentColor;
				CODE_SIGN_STYLE = Automatic;
				CURRENT_PROJECT_VERSION = 1;
				DEVELOPMENT_TEAM = "";
				GENERATE_INFOPLIST_FILE = YES;
				INFOPLIST_FILE = SLP_LocationApp/Info.plist;
				INFOPLIST_KEY_UIApplicationSupportsIndirectInputEvents = YES;
				INFOPLIST_KEY_UILaunchStoryboardName = LaunchScreen;
				INFOPLIST_KEY_UIMainStoryboardFile = "";
				INFOPLIST_KEY_UIStatusBarStyle = "";
				INFOPLIST_KEY_UISupportedInterfaceOrientations = UIInterfaceOrientationPortrait;
				IPHONEOS_DEPLOYMENT_TARGET = 15.0;
				LD_RUNPATH_SEARCH_PATHS = (
					"$(inherited)",
					"@executable_path/Frameworks",
				);
				MARKETING_VERSION = 1.0;
				PRODUCT_BUNDLE_IDENTIFIER = com.memolease.sesacslp;
				PRODUCT_NAME = "$(TARGET_NAME)";
				SUPPORTED_PLATFORMS = "iphoneos iphonesimulator";
				SUPPORTS_MACCATALYST = NO;
				SUPPORTS_MAC_DESIGNED_FOR_IPHONE_IPAD = NO;
				SWIFT_EMIT_LOC_STRINGS = YES;
				SWIFT_VERSION = 5.0;
				TARGETED_DEVICE_FAMILY = 1;
			};
			name = Release;
		};
/* End XCBuildConfiguration section */

/* Begin XCConfigurationList section */
		5461B4A02918B6440000D726 /* Build configuration list for PBXProject "SLP_LocationApp" */ = {
			isa = XCConfigurationList;
			buildConfigurations = (
				5461B4B72918B6450000D726 /* Debug */,
				5461B4B82918B6450000D726 /* Release */,
			);
			defaultConfigurationIsVisible = 0;
			defaultConfigurationName = Release;
		};
		5461B4B92918B6450000D726 /* Build configuration list for PBXNativeTarget "SLP_LocationApp" */ = {
			isa = XCConfigurationList;
			buildConfigurations = (
				5461B4BA2918B6450000D726 /* Debug */,
				5461B4BB2918B6450000D726 /* Release */,
			);
			defaultConfigurationIsVisible = 0;
			defaultConfigurationName = Release;
		};
/* End XCConfigurationList section */

/* Begin XCRemoteSwiftPackageReference section */
		542FAEF3291BFBA800E71C87 /* XCRemoteSwiftPackageReference "AnyFormatKit" */ = {
			isa = XCRemoteSwiftPackageReference;
			repositoryURL = "https://github.com/luximetr/AnyFormatKit.git";
			requirement = {
				kind = upToNextMajorVersion;
				minimumVersion = 2.0.0;
			};
		};
		54360A36292259AD004B2CBA /* XCRemoteSwiftPackageReference "firebase-ios-sdk" */ = {
			isa = XCRemoteSwiftPackageReference;
			repositoryURL = "https://github.com/firebase/firebase-ios-sdk";
			requirement = {
				kind = upToNextMajorVersion;
				minimumVersion = 9.0.0;
			};
		};
		545AE798291E6015000F73C3 /* XCRemoteSwiftPackageReference "Alamofire" */ = {
			isa = XCRemoteSwiftPackageReference;
			repositoryURL = "https://github.com/Alamofire/Alamofire.git";
			requirement = {
				kind = upToNextMajorVersion;
				minimumVersion = 5.0.0;
			};
		};
		545AE79D291E66B0000F73C3 /* XCRemoteSwiftPackageReference "keychain-swift" */ = {
			isa = XCRemoteSwiftPackageReference;
			repositoryURL = "https://github.com/evgenyneu/keychain-swift.git";
			requirement = {
				kind = exactVersion;
				version = 20.0.0;
			};
		};
		5461B4DE2918CBF70000D726 /* XCRemoteSwiftPackageReference "SnapKit" */ = {
			isa = XCRemoteSwiftPackageReference;
			repositoryURL = "https://github.com/SnapKit/SnapKit.git";
			requirement = {
				kind = upToNextMajorVersion;
				minimumVersion = 5.0.0;
			};
		};
		5471A1E2291D1A2B002C80D8 /* XCRemoteSwiftPackageReference "IQKeyboardManager" */ = {
			isa = XCRemoteSwiftPackageReference;
			repositoryURL = "https://github.com/hackiftekhar/IQKeyboardManager";
			requirement = {
				kind = exactVersion;
				version = 6.5.0;
			};
		};
		54ACF64C291D361A0002A121 /* XCRemoteSwiftPackageReference "Toast-Swift" */ = {
			isa = XCRemoteSwiftPackageReference;
			repositoryURL = "https://github.com/scalessec/Toast-Swift.git";
			requirement = {
				kind = upToNextMajorVersion;
				minimumVersion = 5.0.0;
			};
		};
/* End XCRemoteSwiftPackageReference section */

/* Begin XCSwiftPackageProductDependency section */
		542FAEF4291BFBA800E71C87 /* AnyFormatKit */ = {
			isa = XCSwiftPackageProductDependency;
			package = 542FAEF3291BFBA800E71C87 /* XCRemoteSwiftPackageReference "AnyFormatKit" */;
			productName = AnyFormatKit;
		};
		54360A37292259AD004B2CBA /* FirebaseAuth */ = {
			isa = XCSwiftPackageProductDependency;
			package = 54360A36292259AD004B2CBA /* XCRemoteSwiftPackageReference "firebase-ios-sdk" */;
			productName = FirebaseAuth;
		};
		54360A39292259AD004B2CBA /* FirebaseMessaging */ = {
			isa = XCSwiftPackageProductDependency;
			package = 54360A36292259AD004B2CBA /* XCRemoteSwiftPackageReference "firebase-ios-sdk" */;
			productName = FirebaseMessaging;
		};
		545AE799291E6015000F73C3 /* Alamofire */ = {
			isa = XCSwiftPackageProductDependency;
			package = 545AE798291E6015000F73C3 /* XCRemoteSwiftPackageReference "Alamofire" */;
			productName = Alamofire;
		};
		545AE79E291E66B0000F73C3 /* KeychainSwift */ = {
			isa = XCSwiftPackageProductDependency;
			package = 545AE79D291E66B0000F73C3 /* XCRemoteSwiftPackageReference "keychain-swift" */;
			productName = KeychainSwift;
		};
		5461B4DF2918CBF70000D726 /* SnapKit */ = {
			isa = XCSwiftPackageProductDependency;
			package = 5461B4DE2918CBF70000D726 /* XCRemoteSwiftPackageReference "SnapKit" */;
			productName = SnapKit;
		};
		5471A1E3291D1A2B002C80D8 /* IQKeyboardManagerSwift */ = {
			isa = XCSwiftPackageProductDependency;
			package = 5471A1E2291D1A2B002C80D8 /* XCRemoteSwiftPackageReference "IQKeyboardManager" */;
			productName = IQKeyboardManagerSwift;
		};
		54ACF64D291D361A0002A121 /* Toast */ = {
			isa = XCSwiftPackageProductDependency;
			package = 54ACF64C291D361A0002A121 /* XCRemoteSwiftPackageReference "Toast-Swift" */;
			productName = Toast;
		};
/* End XCSwiftPackageProductDependency section */
	};
	rootObject = 5461B49D2918B6440000D726 /* Project object */;
}
